
Microsoft Visual Studio Solution File, Format Version 12.00
# Visual Studio Version 16
VisualStudioVersion = 16.0.32002.261
MinimumVisualStudioVersion = 10.0.40219.1
Project("{9A19103F-16F7-4668-BE54-9A1E7A4F7556}") = "DefiningClasses", "DefiningClasses.csproj", "{EC4B7B2C-2E98-4F69-ABCC-A64F8339B2AD}"
EndProject
Global
	GlobalSection(SolutionConfigurationPlatforms) = preSolution
		Debug|Any CPU = Debug|Any CPU
		Release|Any CPU = Release|Any CPU
	EndGlobalSection
	GlobalSection(ProjectConfigurationPlatforms) = postSolution
		{EC4B7B2C-2E98-4F69-ABCC-A64F8339B2AD}.Debug|Any CPU.ActiveCfg = Debug|Any CPU
		{EC4B7B2C-2E98-4F69-ABCC-A64F8339B2AD}.Debug|Any CPU.Build.0 = Debug|Any CPU
		{EC4B7B2C-2E98-4F69-ABCC-A64F8339B2AD}.Release|Any CPU.ActiveCfg = Release|Any CPU
		{EC4B7B2C-2E98-4F69-ABCC-A64F8339B2AD}.Release|Any CPU.Build.0 = Release|Any CPU
	EndGlobalSection
	GlobalSection(SolutionProperties) = preSolution
		HideSolutionNode = FALSE
	EndGlobalSection
	GlobalSection(ExtensibilityGlobals) = postSolution
		SolutionGuid = {72410E0F-F47A-4BF0-A857-D6FEAC1DDF2E}
	EndGlobalSection
EndGlobal
